
Microsoft Visual Studio Solution File, Format Version 12.00
# Visual Studio Version 16
VisualStudioVersion = 16.0.30114.105
MinimumVisualStudioVersion = 10.0.40219.1
Project("{FAE04EC0-301F-11D3-BF4B-00C04F79EFBC}") = "KT.JwtProje.Entities", "KT.JwtProje.Entities\KT.JwtProje.Entities.csproj", "{36244737-B9DD-414A-8B60-FC14707F2B55}"
EndProject
Project("{FAE04EC0-301F-11D3-BF4B-00C04F79EFBC}") = "KT.JwtProje.DataAccess", "KT.JwtProje.DataAccess\KT.JwtProje.DataAccess.csproj", "{CDD63FDE-6A7D-4625-9CC6-3B29A07E8067}"
EndProject
Global
	GlobalSection(SolutionConfigurationPlatforms) = preSolution
		Debug|Any CPU = Debug|Any CPU
		Release|Any CPU = Release|Any CPU
	EndGlobalSection
	GlobalSection(ProjectConfigurationPlatforms) = postSolution
		{36244737-B9DD-414A-8B60-FC14707F2B55}.Debug|Any CPU.ActiveCfg = Debug|Any CPU
		{36244737-B9DD-414A-8B60-FC14707F2B55}.Debug|Any CPU.Build.0 = Debug|Any CPU
		{36244737-B9DD-414A-8B60-FC14707F2B55}.Release|Any CPU.ActiveCfg = Release|Any CPU
		{36244737-B9DD-414A-8B60-FC14707F2B55}.Release|Any CPU.Build.0 = Release|Any CPU
		{CDD63FDE-6A7D-4625-9CC6-3B29A07E8067}.Debug|Any CPU.ActiveCfg = Debug|Any CPU
		{CDD63FDE-6A7D-4625-9CC6-3B29A07E8067}.Debug|Any CPU.Build.0 = Debug|Any CPU
		{CDD63FDE-6A7D-4625-9CC6-3B29A07E8067}.Release|Any CPU.ActiveCfg = Release|Any CPU
		{CDD63FDE-6A7D-4625-9CC6-3B29A07E8067}.Release|Any CPU.Build.0 = Release|Any CPU
	EndGlobalSection
	GlobalSection(SolutionProperties) = preSolution
		HideSolutionNode = FALSE
	EndGlobalSection
	GlobalSection(ExtensibilityGlobals) = postSolution
		SolutionGuid = {9EF72525-F4E4-4A59-9B97-AA74502519FE}
	EndGlobalSection
EndGlobal
